// !$*UTF8*$!
{
	archiveVersion = 1;
	classes = {
	};
	objectVersion = 56;
	objects = {

/* Begin PBXBuildFile section */
		7401D1F72A24D6F800F2C7CA /* AppDelegate.swift in Sources */ = {isa = PBXBuildFile; fileRef = 7401D1F62A24D6F800F2C7CA /* AppDelegate.swift */; };
		7401D1F92A24D6F800F2C7CA /* SceneDelegate.swift in Sources */ = {isa = PBXBuildFile; fileRef = 7401D1F82A24D6F800F2C7CA /* SceneDelegate.swift */; };
		7401D1FB2A24D6F800F2C7CA /* ViewController.swift in Sources */ = {isa = PBXBuildFile; fileRef = 7401D1FA2A24D6F800F2C7CA /* ViewController.swift */; };
		7401D2012A24D6F800F2C7CA /* MyPlanner.xcdatamodeld in Sources */ = {isa = PBXBuildFile; fileRef = 7401D1FF2A24D6F800F2C7CA /* MyPlanner.xcdatamodeld */; };
		7401D2032A24D6F900F2C7CA /* Assets.xcassets in Resources */ = {isa = PBXBuildFile; fileRef = 7401D2022A24D6F900F2C7CA /* Assets.xcassets */; };
		7401D2062A24D6F900F2C7CA /* LaunchScreen.storyboard in Resources */ = {isa = PBXBuildFile; fileRef = 7401D2042A24D6F900F2C7CA /* LaunchScreen.storyboard */; };
		7401D2112A24D6F900F2C7CA /* MyPlannerTests.swift in Sources */ = {isa = PBXBuildFile; fileRef = 7401D2102A24D6F900F2C7CA /* MyPlannerTests.swift */; };
		7401D21B2A24D6F900F2C7CA /* MyPlannerUITests.swift in Sources */ = {isa = PBXBuildFile; fileRef = 7401D21A2A24D6F900F2C7CA /* MyPlannerUITests.swift */; };
		7401D21D2A24D6F900F2C7CA /* MyPlannerUITestsLaunchTests.swift in Sources */ = {isa = PBXBuildFile; fileRef = 7401D21C2A24D6F900F2C7CA /* MyPlannerUITestsLaunchTests.swift */; };
		7401D2302A24DA3200F2C7CA /* LoginViewController.swift in Sources */ = {isa = PBXBuildFile; fileRef = 7401D22F2A24DA3200F2C7CA /* LoginViewController.swift */; };
		7401D2362A24DD7E00F2C7CA /* ThemeFont.swift in Sources */ = {isa = PBXBuildFile; fileRef = 7401D2352A24DD7E00F2C7CA /* ThemeFont.swift */; };
		7401D2382A24F2DF00F2C7CA /* LoginView.swift in Sources */ = {isa = PBXBuildFile; fileRef = 7401D2372A24F2DF00F2C7CA /* LoginView.swift */; };
		7401D23B2A25BFB100F2C7CA /* MainViewController.swift in Sources */ = {isa = PBXBuildFile; fileRef = 7401D23A2A25BFB100F2C7CA /* MainViewController.swift */; };
		7401D2422A266BE500F2C7CA /* GoalsViewController.swift in Sources */ = {isa = PBXBuildFile; fileRef = 7401D2412A266BE500F2C7CA /* GoalsViewController.swift */; };
		7401D2442A266C0300F2C7CA /* SummaryViewController.swift in Sources */ = {isa = PBXBuildFile; fileRef = 7401D2432A266C0300F2C7CA /* SummaryViewController.swift */; };
		7401D2472A266C4400F2C7CA /* ReminderViewController.swift in Sources */ = {isa = PBXBuildFile; fileRef = 7401D2462A266C4400F2C7CA /* ReminderViewController.swift */; };
		7401D24A2A2B4B5500F2C7CA /* BaseViewController.swift in Sources */ = {isa = PBXBuildFile; fileRef = 7401D2492A2B4B5500F2C7CA /* BaseViewController.swift */; };
		7401D24E2A2B555400F2C7CA /* AddViewController.swift in Sources */ = {isa = PBXBuildFile; fileRef = 7401D24C2A2B555400F2C7CA /* AddViewController.swift */; };
		7401D2532A2C9CB400F2C7CA /* PlannerModel.swift in Sources */ = {isa = PBXBuildFile; fileRef = 7401D2522A2C9CB400F2C7CA /* PlannerModel.swift */; };
		7401D2562A2CAA5700F2C7CA /* UIColor+Ext.swift in Sources */ = {isa = PBXBuildFile; fileRef = 7401D2552A2CAA5700F2C7CA /* UIColor+Ext.swift */; };
		7401D2582A2E4D1B00F2C7CA /* PlannerTextField.swift in Sources */ = {isa = PBXBuildFile; fileRef = 7401D2572A2E4D1B00F2C7CA /* PlannerTextField.swift */; };
		7401D25A2A2FA22300F2C7CA /* PlannerTextView.swift in Sources */ = {isa = PBXBuildFile; fileRef = 7401D2592A2FA22300F2C7CA /* PlannerTextView.swift */; };
		7401D25F2A34964300F2C7CA /* ReminderDataManager.swift in Sources */ = {isa = PBXBuildFile; fileRef = 7401D25E2A34964300F2C7CA /* ReminderDataManager.swift */; };
		7401D2662A34B56D00F2C7CA /* ReminderViewModel.swift in Sources */ = {isa = PBXBuildFile; fileRef = 7401D2652A34B56D00F2C7CA /* ReminderViewModel.swift */; };
		7401D2692A34C04100F2C7CA /* MaterialActivityIndicator in Frameworks */ = {isa = PBXBuildFile; productRef = 7401D2682A34C04100F2C7CA /* MaterialActivityIndicator */; };
		7401D26B2A35E20500F2C7CA /* AddViewModel.swift in Sources */ = {isa = PBXBuildFile; fileRef = 7401D26A2A35E20500F2C7CA /* AddViewModel.swift */; };
		7401D26D2A35E4A300F2C7CA /* String+Ext.swift in Sources */ = {isa = PBXBuildFile; fileRef = 7401D26C2A35E4A300F2C7CA /* String+Ext.swift */; };
		7401D2702A36105700F2C7CA /* NotificationManager.swift in Sources */ = {isa = PBXBuildFile; fileRef = 7401D26F2A36105700F2C7CA /* NotificationManager.swift */; };
		7401D2732A3F35EE00F2C7CA /* ChooseViewController.swift in Sources */ = {isa = PBXBuildFile; fileRef = 7401D2722A3F35EE00F2C7CA /* ChooseViewController.swift */; };
		7401D2752A3F42E600F2C7CA /* PlannerButton.swift in Sources */ = {isa = PBXBuildFile; fileRef = 7401D2742A3F42E600F2C7CA /* PlannerButton.swift */; };
		7401D2792A4354D700F2C7CA /* ChooseView.swift in Sources */ = {isa = PBXBuildFile; fileRef = 7401D2782A4354D700F2C7CA /* ChooseView.swift */; };
		7401D27B2A4368D500F2C7CA /* BaseProtocol.swift in Sources */ = {isa = PBXBuildFile; fileRef = 7401D27A2A4368D500F2C7CA /* BaseProtocol.swift */; };
		7401D27E2A46C16200F2C7CA /* DiaryViewController.swift in Sources */ = {isa = PBXBuildFile; fileRef = 7401D27D2A46C16200F2C7CA /* DiaryViewController.swift */; };
		7401D2832A46C8E500F2C7CA /* PlannerCell.swift in Sources */ = {isa = PBXBuildFile; fileRef = 7401D2812A46C8E500F2C7CA /* PlannerCell.swift */; };
		7401D2842A46C8E500F2C7CA /* PlannerCell.xib in Resources */ = {isa = PBXBuildFile; fileRef = 7401D2822A46C8E500F2C7CA /* PlannerCell.xib */; };
		7401D2892A47269100F2C7CA /* GoalsViewModel.swift in Sources */ = {isa = PBXBuildFile; fileRef = 7401D2882A47269100F2C7CA /* GoalsViewModel.swift */; };
		7401D28B2A47272B00F2C7CA /* GoalsDataManager.swift in Sources */ = {isa = PBXBuildFile; fileRef = 7401D28A2A47272B00F2C7CA /* GoalsDataManager.swift */; };
		7401D28D2A488FC900F2C7CA /* BaseEnum.swift in Sources */ = {isa = PBXBuildFile; fileRef = 7401D28C2A488FC900F2C7CA /* BaseEnum.swift */; };
		74CB3DD02A4C5C4300F49DBE /* SwiftAlertView in Frameworks */ = {isa = PBXBuildFile; productRef = 74CB3DCF2A4C5C4300F49DBE /* SwiftAlertView */; };
		74CB3DD22A4C666400F49DBE /* CompletedTasksDataManager.swift in Sources */ = {isa = PBXBuildFile; fileRef = 74CB3DD12A4C666400F49DBE /* CompletedTasksDataManager.swift */; };
		74CB3DDA2A528F6300F49DBE /* DGCharts in Frameworks */ = {isa = PBXBuildFile; productRef = 74CB3DD92A528F6300F49DBE /* DGCharts */; };
/* End PBXBuildFile section */

/* Begin PBXContainerItemProxy section */
		7401D20D2A24D6F900F2C7CA /* PBXContainerItemProxy */ = {
			isa = PBXContainerItemProxy;
			containerPortal = 7401D1EB2A24D6F800F2C7CA /* Project object */;
			proxyType = 1;
			remoteGlobalIDString = 7401D1F22A24D6F800F2C7CA;
			remoteInfo = MyPlanner;
		};
		7401D2172A24D6F900F2C7CA /* PBXContainerItemProxy */ = {
			isa = PBXContainerItemProxy;
			containerPortal = 7401D1EB2A24D6F800F2C7CA /* Project object */;
			proxyType = 1;
			remoteGlobalIDString = 7401D1F22A24D6F800F2C7CA;
			remoteInfo = MyPlanner;
		};
/* End PBXContainerItemProxy section */

/* Begin PBXFileReference section */
		7401D1F32A24D6F800F2C7CA /* MyPlanner.app */ = {isa = PBXFileReference; explicitFileType = wrapper.application; includeInIndex = 0; path = MyPlanner.app; sourceTree = BUILT_PRODUCTS_DIR; };
		7401D1F62A24D6F800F2C7CA /* AppDelegate.swift */ = {isa = PBXFileReference; lastKnownFileType = sourcecode.swift; path = AppDelegate.swift; sourceTree = "<group>"; };
		7401D1F82A24D6F800F2C7CA /* SceneDelegate.swift */ = {isa = PBXFileReference; lastKnownFileType = sourcecode.swift; path = SceneDelegate.swift; sourceTree = "<group>"; };
		7401D1FA2A24D6F800F2C7CA /* ViewController.swift */ = {isa = PBXFileReference; lastKnownFileType = sourcecode.swift; path = ViewController.swift; sourceTree = "<group>"; };
		7401D2002A24D6F800F2C7CA /* MyPlanner.xcdatamodel */ = {isa = PBXFileReference; lastKnownFileType = wrapper.xcdatamodel; path = MyPlanner.xcdatamodel; sourceTree = "<group>"; };
		7401D2022A24D6F900F2C7CA /* Assets.xcassets */ = {isa = PBXFileReference; lastKnownFileType = folder.assetcatalog; path = Assets.xcassets; sourceTree = "<group>"; };
		7401D2052A24D6F900F2C7CA /* Base */ = {isa = PBXFileReference; lastKnownFileType = file.storyboard; name = Base; path = Base.lproj/LaunchScreen.storyboard; sourceTree = "<group>"; };
		7401D2072A24D6F900F2C7CA /* Info.plist */ = {isa = PBXFileReference; lastKnownFileType = text.plist.xml; path = Info.plist; sourceTree = "<group>"; };
		7401D20C2A24D6F900F2C7CA /* MyPlannerTests.xctest */ = {isa = PBXFileReference; explicitFileType = wrapper.cfbundle; includeInIndex = 0; path = MyPlannerTests.xctest; sourceTree = BUILT_PRODUCTS_DIR; };
		7401D2102A24D6F900F2C7CA /* MyPlannerTests.swift */ = {isa = PBXFileReference; lastKnownFileType = sourcecode.swift; path = MyPlannerTests.swift; sourceTree = "<group>"; };
		7401D2162A24D6F900F2C7CA /* MyPlannerUITests.xctest */ = {isa = PBXFileReference; explicitFileType = wrapper.cfbundle; includeInIndex = 0; path = MyPlannerUITests.xctest; sourceTree = BUILT_PRODUCTS_DIR; };
		7401D21A2A24D6F900F2C7CA /* MyPlannerUITests.swift */ = {isa = PBXFileReference; lastKnownFileType = sourcecode.swift; path = MyPlannerUITests.swift; sourceTree = "<group>"; };
		7401D21C2A24D6F900F2C7CA /* MyPlannerUITestsLaunchTests.swift */ = {isa = PBXFileReference; lastKnownFileType = sourcecode.swift; path = MyPlannerUITestsLaunchTests.swift; sourceTree = "<group>"; };
		7401D22F2A24DA3200F2C7CA /* LoginViewController.swift */ = {isa = PBXFileReference; lastKnownFileType = sourcecode.swift; path = LoginViewController.swift; sourceTree = "<group>"; };
		7401D2352A24DD7E00F2C7CA /* ThemeFont.swift */ = {isa = PBXFileReference; lastKnownFileType = sourcecode.swift; path = ThemeFont.swift; sourceTree = "<group>"; };
		7401D2372A24F2DF00F2C7CA /* LoginView.swift */ = {isa = PBXFileReference; lastKnownFileType = sourcecode.swift; path = LoginView.swift; sourceTree = "<group>"; };
		7401D23A2A25BFB100F2C7CA /* MainViewController.swift */ = {isa = PBXFileReference; lastKnownFileType = sourcecode.swift; path = MainViewController.swift; sourceTree = "<group>"; };
		7401D2412A266BE500F2C7CA /* GoalsViewController.swift */ = {isa = PBXFileReference; lastKnownFileType = sourcecode.swift; path = GoalsViewController.swift; sourceTree = "<group>"; };
		7401D2432A266C0300F2C7CA /* SummaryViewController.swift */ = {isa = PBXFileReference; lastKnownFileType = sourcecode.swift; path = SummaryViewController.swift; sourceTree = "<group>"; };
		7401D2462A266C4400F2C7CA /* ReminderViewController.swift */ = {isa = PBXFileReference; lastKnownFileType = sourcecode.swift; path = ReminderViewController.swift; sourceTree = "<group>"; };
		7401D2492A2B4B5500F2C7CA /* BaseViewController.swift */ = {isa = PBXFileReference; lastKnownFileType = sourcecode.swift; path = BaseViewController.swift; sourceTree = "<group>"; };
		7401D24C2A2B555400F2C7CA /* AddViewController.swift */ = {isa = PBXFileReference; lastKnownFileType = sourcecode.swift; path = AddViewController.swift; sourceTree = "<group>"; };
		7401D2522A2C9CB400F2C7CA /* PlannerModel.swift */ = {isa = PBXFileReference; lastKnownFileType = sourcecode.swift; path = PlannerModel.swift; sourceTree = "<group>"; };
		7401D2552A2CAA5700F2C7CA /* UIColor+Ext.swift */ = {isa = PBXFileReference; lastKnownFileType = sourcecode.swift; path = "UIColor+Ext.swift"; sourceTree = "<group>"; };
		7401D2572A2E4D1B00F2C7CA /* PlannerTextField.swift */ = {isa = PBXFileReference; lastKnownFileType = sourcecode.swift; path = PlannerTextField.swift; sourceTree = "<group>"; };
		7401D2592A2FA22300F2C7CA /* PlannerTextView.swift */ = {isa = PBXFileReference; lastKnownFileType = sourcecode.swift; path = PlannerTextView.swift; sourceTree = "<group>"; };
		7401D25E2A34964300F2C7CA /* ReminderDataManager.swift */ = {isa = PBXFileReference; lastKnownFileType = sourcecode.swift; path = ReminderDataManager.swift; sourceTree = "<group>"; };
		7401D2652A34B56D00F2C7CA /* ReminderViewModel.swift */ = {isa = PBXFileReference; lastKnownFileType = sourcecode.swift; path = ReminderViewModel.swift; sourceTree = "<group>"; };
		7401D26A2A35E20500F2C7CA /* AddViewModel.swift */ = {isa = PBXFileReference; lastKnownFileType = sourcecode.swift; path = AddViewModel.swift; sourceTree = "<group>"; };
		7401D26C2A35E4A300F2C7CA /* String+Ext.swift */ = {isa = PBXFileReference; lastKnownFileType = sourcecode.swift; path = "String+Ext.swift"; sourceTree = "<group>"; };
		7401D26F2A36105700F2C7CA /* NotificationManager.swift */ = {isa = PBXFileReference; lastKnownFileType = sourcecode.swift; path = NotificationManager.swift; sourceTree = "<group>"; };
		7401D2722A3F35EE00F2C7CA /* ChooseViewController.swift */ = {isa = PBXFileReference; lastKnownFileType = sourcecode.swift; path = ChooseViewController.swift; sourceTree = "<group>"; };
		7401D2742A3F42E600F2C7CA /* PlannerButton.swift */ = {isa = PBXFileReference; lastKnownFileType = sourcecode.swift; path = PlannerButton.swift; sourceTree = "<group>"; };
		7401D2782A4354D700F2C7CA /* ChooseView.swift */ = {isa = PBXFileReference; lastKnownFileType = sourcecode.swift; path = ChooseView.swift; sourceTree = "<group>"; };
		7401D27A2A4368D500F2C7CA /* BaseProtocol.swift */ = {isa = PBXFileReference; lastKnownFileType = sourcecode.swift; path = BaseProtocol.swift; sourceTree = "<group>"; };
		7401D27D2A46C16200F2C7CA /* DiaryViewController.swift */ = {isa = PBXFileReference; lastKnownFileType = sourcecode.swift; path = DiaryViewController.swift; sourceTree = "<group>"; };
		7401D2812A46C8E500F2C7CA /* PlannerCell.swift */ = {isa = PBXFileReference; lastKnownFileType = sourcecode.swift; path = PlannerCell.swift; sourceTree = "<group>"; };
		7401D2822A46C8E500F2C7CA /* PlannerCell.xib */ = {isa = PBXFileReference; lastKnownFileType = file.xib; path = PlannerCell.xib; sourceTree = "<group>"; };
		7401D2882A47269100F2C7CA /* GoalsViewModel.swift */ = {isa = PBXFileReference; lastKnownFileType = sourcecode.swift; path = GoalsViewModel.swift; sourceTree = "<group>"; };
		7401D28A2A47272B00F2C7CA /* GoalsDataManager.swift */ = {isa = PBXFileReference; lastKnownFileType = sourcecode.swift; path = GoalsDataManager.swift; sourceTree = "<group>"; };
		7401D28C2A488FC900F2C7CA /* BaseEnum.swift */ = {isa = PBXFileReference; lastKnownFileType = sourcecode.swift; path = BaseEnum.swift; sourceTree = "<group>"; };
		74CB3DD12A4C666400F49DBE /* CompletedTasksDataManager.swift */ = {isa = PBXFileReference; lastKnownFileType = sourcecode.swift; path = CompletedTasksDataManager.swift; sourceTree = "<group>"; };
/* End PBXFileReference section */

/* Begin PBXFrameworksBuildPhase section */
		7401D1F02A24D6F800F2C7CA /* Frameworks */ = {
			isa = PBXFrameworksBuildPhase;
			buildActionMask = 2147483647;
			files = (
				74CB3DD02A4C5C4300F49DBE /* SwiftAlertView in Frameworks */,
				74CB3DDA2A528F6300F49DBE /* DGCharts in Frameworks */,
				7401D2692A34C04100F2C7CA /* MaterialActivityIndicator in Frameworks */,
			);
			runOnlyForDeploymentPostprocessing = 0;
		};
		7401D2092A24D6F900F2C7CA /* Frameworks */ = {
			isa = PBXFrameworksBuildPhase;
			buildActionMask = 2147483647;
			files = (
			);
			runOnlyForDeploymentPostprocessing = 0;
		};
		7401D2132A24D6F900F2C7CA /* Frameworks */ = {
			isa = PBXFrameworksBuildPhase;
			buildActionMask = 2147483647;
			files = (
			);
			runOnlyForDeploymentPostprocessing = 0;
		};
/* End PBXFrameworksBuildPhase section */

/* Begin PBXGroup section */
		7401D1EA2A24D6F800F2C7CA = {
			isa = PBXGroup;
			children = (
				7401D1F52A24D6F800F2C7CA /* MyPlanner */,
				7401D20F2A24D6F900F2C7CA /* MyPlannerTests */,
				7401D2192A24D6F900F2C7CA /* MyPlannerUITests */,
				7401D1F42A24D6F800F2C7CA /* Products */,
			);
			sourceTree = "<group>";
		};
		7401D1F42A24D6F800F2C7CA /* Products */ = {
			isa = PBXGroup;
			children = (
				7401D1F32A24D6F800F2C7CA /* MyPlanner.app */,
				7401D20C2A24D6F900F2C7CA /* MyPlannerTests.xctest */,
				7401D2162A24D6F900F2C7CA /* MyPlannerUITests.xctest */,
			);
			name = Products;
			sourceTree = "<group>";
		};
		7401D1F52A24D6F800F2C7CA /* MyPlanner */ = {
			isa = PBXGroup;
			children = (
				7401D2542A2CAA4C00F2C7CA /* Extension */,
				7401D2312A24DA4200F2C7CA /* Core */,
				7401D22B2A24D9D400F2C7CA /* Resources */,
				7401D22A2A24D9CA00F2C7CA /* Services */,
				7401D2292A24D9C500F2C7CA /* Scenes */,
				7401D1F62A24D6F800F2C7CA /* AppDelegate.swift */,
				7401D1F82A24D6F800F2C7CA /* SceneDelegate.swift */,
				7401D1FA2A24D6F800F2C7CA /* ViewController.swift */,
				7401D2022A24D6F900F2C7CA /* Assets.xcassets */,
				7401D2042A24D6F900F2C7CA /* LaunchScreen.storyboard */,
				7401D2072A24D6F900F2C7CA /* Info.plist */,
				7401D1FF2A24D6F800F2C7CA /* MyPlanner.xcdatamodeld */,
			);
			path = MyPlanner;
			sourceTree = "<group>";
		};
		7401D20F2A24D6F900F2C7CA /* MyPlannerTests */ = {
			isa = PBXGroup;
			children = (
				7401D2102A24D6F900F2C7CA /* MyPlannerTests.swift */,
			);
			path = MyPlannerTests;
			sourceTree = "<group>";
		};
		7401D2192A24D6F900F2C7CA /* MyPlannerUITests */ = {
			isa = PBXGroup;
			children = (
				7401D21A2A24D6F900F2C7CA /* MyPlannerUITests.swift */,
				7401D21C2A24D6F900F2C7CA /* MyPlannerUITestsLaunchTests.swift */,
			);
			path = MyPlannerUITests;
			sourceTree = "<group>";
		};
		7401D2292A24D9C500F2C7CA /* Scenes */ = {
			isa = PBXGroup;
			children = (
				7401D27C2A46C14200F2C7CA /* Diary */,
				7401D24B2A2B524F00F2C7CA /* Add */,
				7401D23C2A2663F000F2C7CA /* Summary */,
				7401D2452A266C3700F2C7CA /* Reminder */,
				7401D23D2A26641200F2C7CA /* Goals */,
				7401D2392A25BF9D00F2C7CA /* Main */,
				7401D22C2A24DA0200F2C7CA /* Login */,
			);
			path = Scenes;
			sourceTree = "<group>";
		};
		7401D22A2A24D9CA00F2C7CA /* Services */ = {
			isa = PBXGroup;
			children = (
			);
			path = Services;
			sourceTree = "<group>";
		};
		7401D22B2A24D9D400F2C7CA /* Resources */ = {
			isa = PBXGroup;
			children = (
			);
			path = Resources;
			sourceTree = "<group>";
		};
		7401D22C2A24DA0200F2C7CA /* Login */ = {
			isa = PBXGroup;
			children = (
				7401D22F2A24DA3200F2C7CA /* LoginViewController.swift */,
				7401D2372A24F2DF00F2C7CA /* LoginView.swift */,
			);
			path = Login;
			sourceTree = "<group>";
		};
		7401D2312A24DA4200F2C7CA /* Core */ = {
			isa = PBXGroup;
			children = (
				7401D26E2A36104800F2C7CA /* Notification */,
				7401D25B2A3495E300F2C7CA /* DataManager */,
				7401D2482A2B4B4B00F2C7CA /* Base */,
				7401D2322A24DAFD00F2C7CA /* Components */,
			);
			path = Core;
			sourceTree = "<group>";
		};
		7401D2322A24DAFD00F2C7CA /* Components */ = {
			isa = PBXGroup;
			children = (
				7401D2352A24DD7E00F2C7CA /* ThemeFont.swift */,
				7401D2572A2E4D1B00F2C7CA /* PlannerTextField.swift */,
				7401D2592A2FA22300F2C7CA /* PlannerTextView.swift */,
				7401D2742A3F42E600F2C7CA /* PlannerButton.swift */,
				7401D2812A46C8E500F2C7CA /* PlannerCell.swift */,
				7401D2822A46C8E500F2C7CA /* PlannerCell.xib */,
			);
			path = Components;
			sourceTree = "<group>";
		};
		7401D2392A25BF9D00F2C7CA /* Main */ = {
			isa = PBXGroup;
			children = (
				7401D23A2A25BFB100F2C7CA /* MainViewController.swift */,
			);
			path = Main;
			sourceTree = "<group>";
		};
		7401D23C2A2663F000F2C7CA /* Summary */ = {
			isa = PBXGroup;
			children = (
				7401D2432A266C0300F2C7CA /* SummaryViewController.swift */,
			);
			path = Summary;
			sourceTree = "<group>";
		};
		7401D23D2A26641200F2C7CA /* Goals */ = {
			isa = PBXGroup;
			children = (
				7401D2872A47267F00F2C7CA /* ViewModel */,
				7401D2862A47267A00F2C7CA /* Controller */,
			);
			path = Goals;
			sourceTree = "<group>";
		};
		7401D2452A266C3700F2C7CA /* Reminder */ = {
			isa = PBXGroup;
			children = (
				7401D2642A34B56200F2C7CA /* ViewModel */,
				7401D2632A34B55900F2C7CA /* Controller */,
			);
			path = Reminder;
			sourceTree = "<group>";
		};
		7401D2482A2B4B4B00F2C7CA /* Base */ = {
			isa = PBXGroup;
			children = (
				7401D2492A2B4B5500F2C7CA /* BaseViewController.swift */,
				7401D27A2A4368D500F2C7CA /* BaseProtocol.swift */,
				7401D28C2A488FC900F2C7CA /* BaseEnum.swift */,
			);
			path = Base;
			sourceTree = "<group>";
		};
		7401D24B2A2B524F00F2C7CA /* Add */ = {
			isa = PBXGroup;
			children = (
				7401D2852A47253200F2C7CA /* ViewModel */,
				7401D2712A3F339500F2C7CA /* View */,
				7401D2512A2C9C9C00F2C7CA /* Model */,
				7401D2502A2C9C8D00F2C7CA /* Controller */,
			);
			path = Add;
			sourceTree = "<group>";
		};
		7401D2502A2C9C8D00F2C7CA /* Controller */ = {
			isa = PBXGroup;
			children = (
				7401D24C2A2B555400F2C7CA /* AddViewController.swift */,
			);
			path = Controller;
			sourceTree = "<group>";
		};
		7401D2512A2C9C9C00F2C7CA /* Model */ = {
			isa = PBXGroup;
			children = (
				7401D2522A2C9CB400F2C7CA /* PlannerModel.swift */,
			);
			path = Model;
			sourceTree = "<group>";
		};
		7401D2542A2CAA4C00F2C7CA /* Extension */ = {
			isa = PBXGroup;
			children = (
				7401D2552A2CAA5700F2C7CA /* UIColor+Ext.swift */,
				7401D26C2A35E4A300F2C7CA /* String+Ext.swift */,
			);
			path = Extension;
			sourceTree = "<group>";
		};
		7401D25B2A3495E300F2C7CA /* DataManager */ = {
			isa = PBXGroup;
			children = (
				7401D25E2A34964300F2C7CA /* ReminderDataManager.swift */,
				7401D28A2A47272B00F2C7CA /* GoalsDataManager.swift */,
				74CB3DD12A4C666400F49DBE /* CompletedTasksDataManager.swift */,
			);
			path = DataManager;
			sourceTree = "<group>";
		};
		7401D2632A34B55900F2C7CA /* Controller */ = {
			isa = PBXGroup;
			children = (
				7401D2462A266C4400F2C7CA /* ReminderViewController.swift */,
			);
			path = Controller;
			sourceTree = "<group>";
		};
		7401D2642A34B56200F2C7CA /* ViewModel */ = {
			isa = PBXGroup;
			children = (
				7401D2652A34B56D00F2C7CA /* ReminderViewModel.swift */,
			);
			path = ViewModel;
			sourceTree = "<group>";
		};
		7401D26E2A36104800F2C7CA /* Notification */ = {
			isa = PBXGroup;
			children = (
				7401D26F2A36105700F2C7CA /* NotificationManager.swift */,
			);
			path = Notification;
			sourceTree = "<group>";
		};
		7401D2712A3F339500F2C7CA /* View */ = {
			isa = PBXGroup;
			children = (
				7401D2722A3F35EE00F2C7CA /* ChooseViewController.swift */,
				7401D2782A4354D700F2C7CA /* ChooseView.swift */,
			);
			path = View;
			sourceTree = "<group>";
		};
		7401D27C2A46C14200F2C7CA /* Diary */ = {
			isa = PBXGroup;
			children = (
				7401D27D2A46C16200F2C7CA /* DiaryViewController.swift */,
			);
			path = Diary;
			sourceTree = "<group>";
		};
		7401D2852A47253200F2C7CA /* ViewModel */ = {
			isa = PBXGroup;
			children = (
				7401D26A2A35E20500F2C7CA /* AddViewModel.swift */,
			);
			path = ViewModel;
			sourceTree = "<group>";
		};
		7401D2862A47267A00F2C7CA /* Controller */ = {
			isa = PBXGroup;
			children = (
				7401D2412A266BE500F2C7CA /* GoalsViewController.swift */,
			);
			path = Controller;
			sourceTree = "<group>";
		};
		7401D2872A47267F00F2C7CA /* ViewModel */ = {
			isa = PBXGroup;
			children = (
				7401D2882A47269100F2C7CA /* GoalsViewModel.swift */,
			);
			path = ViewModel;
			sourceTree = "<group>";
		};
/* End PBXGroup section */

/* Begin PBXNativeTarget section */
		7401D1F22A24D6F800F2C7CA /* MyPlanner */ = {
			isa = PBXNativeTarget;
			buildConfigurationList = 7401D2202A24D6F900F2C7CA /* Build configuration list for PBXNativeTarget "MyPlanner" */;
			buildPhases = (
				7401D1EF2A24D6F800F2C7CA /* Sources */,
				7401D1F02A24D6F800F2C7CA /* Frameworks */,
				7401D1F12A24D6F800F2C7CA /* Resources */,
			);
			buildRules = (
			);
			dependencies = (
			);
			name = MyPlanner;
			packageProductDependencies = (
				7401D2682A34C04100F2C7CA /* MaterialActivityIndicator */,
				74CB3DCF2A4C5C4300F49DBE /* SwiftAlertView */,
				74CB3DD92A528F6300F49DBE /* DGCharts */,
			);
			productName = MyPlanner;
			productReference = 7401D1F32A24D6F800F2C7CA /* MyPlanner.app */;
			productType = "com.apple.product-type.application";
		};
		7401D20B2A24D6F900F2C7CA /* MyPlannerTests */ = {
			isa = PBXNativeTarget;
			buildConfigurationList = 7401D2232A24D6F900F2C7CA /* Build configuration list for PBXNativeTarget "MyPlannerTests" */;
			buildPhases = (
				7401D2082A24D6F900F2C7CA /* Sources */,
				7401D2092A24D6F900F2C7CA /* Frameworks */,
				7401D20A2A24D6F900F2C7CA /* Resources */,
			);
			buildRules = (
			);
			dependencies = (
				7401D20E2A24D6F900F2C7CA /* PBXTargetDependency */,
			);
			name = MyPlannerTests;
			productName = MyPlannerTests;
			productReference = 7401D20C2A24D6F900F2C7CA /* MyPlannerTests.xctest */;
			productType = "com.apple.product-type.bundle.unit-test";
		};
		7401D2152A24D6F900F2C7CA /* MyPlannerUITests */ = {
			isa = PBXNativeTarget;
			buildConfigurationList = 7401D2262A24D6F900F2C7CA /* Build configuration list for PBXNativeTarget "MyPlannerUITests" */;
			buildPhases = (
				7401D2122A24D6F900F2C7CA /* Sources */,
				7401D2132A24D6F900F2C7CA /* Frameworks */,
				7401D2142A24D6F900F2C7CA /* Resources */,
			);
			buildRules = (
			);
			dependencies = (
				7401D2182A24D6F900F2C7CA /* PBXTargetDependency */,
			);
			name = MyPlannerUITests;
			productName = MyPlannerUITests;
			productReference = 7401D2162A24D6F900F2C7CA /* MyPlannerUITests.xctest */;
			productType = "com.apple.product-type.bundle.ui-testing";
		};
/* End PBXNativeTarget section */

/* Begin PBXProject section */
		7401D1EB2A24D6F800F2C7CA /* Project object */ = {
			isa = PBXProject;
			attributes = {
				BuildIndependentTargetsInParallel = 1;
				LastSwiftUpdateCheck = 1420;
				LastUpgradeCheck = 1420;
				TargetAttributes = {
					7401D1F22A24D6F800F2C7CA = {
						CreatedOnToolsVersion = 14.2;
					};
					7401D20B2A24D6F900F2C7CA = {
						CreatedOnToolsVersion = 14.2;
						TestTargetID = 7401D1F22A24D6F800F2C7CA;
					};
					7401D2152A24D6F900F2C7CA = {
						CreatedOnToolsVersion = 14.2;
						TestTargetID = 7401D1F22A24D6F800F2C7CA;
					};
				};
			};
			buildConfigurationList = 7401D1EE2A24D6F800F2C7CA /* Build configuration list for PBXProject "MyPlanner" */;
			compatibilityVersion = "Xcode 14.0";
			developmentRegion = en;
			hasScannedForEncodings = 0;
			knownRegions = (
				en,
				Base,
			);
			mainGroup = 7401D1EA2A24D6F800F2C7CA;
			packageReferences = (
				7401D2672A34C04100F2C7CA /* XCRemoteSwiftPackageReference "MaterialActivityIndicator" */,
				74CB3DCE2A4C5C4200F49DBE /* XCRemoteSwiftPackageReference "SwiftAlertView" */,
				74CB3DD82A528F6300F49DBE /* XCRemoteSwiftPackageReference "Charts" */,
			);
			productRefGroup = 7401D1F42A24D6F800F2C7CA /* Products */;
			projectDirPath = "";
			projectRoot = "";
			targets = (
				7401D1F22A24D6F800F2C7CA /* MyPlanner */,
				7401D20B2A24D6F900F2C7CA /* MyPlannerTests */,
				7401D2152A24D6F900F2C7CA /* MyPlannerUITests */,
			);
		};
/* End PBXProject section */

/* Begin PBXResourcesBuildPhase section */
		7401D1F12A24D6F800F2C7CA /* Resources */ = {
			isa = PBXResourcesBuildPhase;
			buildActionMask = 2147483647;
			files = (
				7401D2062A24D6F900F2C7CA /* LaunchScreen.storyboard in Resources */,
				7401D2842A46C8E500F2C7CA /* PlannerCell.xib in Resources */,
				7401D2032A24D6F900F2C7CA /* Assets.xcassets in Resources */,
			);
			runOnlyForDeploymentPostprocessing = 0;
		};
		7401D20A2A24D6F900F2C7CA /* Resources */ = {
			isa = PBXResourcesBuildPhase;
			buildActionMask = 2147483647;
			files = (
			);
			runOnlyForDeploymentPostprocessing = 0;
		};
		7401D2142A24D6F900F2C7CA /* Resources */ = {
			isa = PBXResourcesBuildPhase;
			buildActionMask = 2147483647;
			files = (
			);
			runOnlyForDeploymentPostprocessing = 0;
		};
/* End PBXResourcesBuildPhase section */

/* Begin PBXSourcesBuildPhase section */
		7401D1EF2A24D6F800F2C7CA /* Sources */ = {
			isa = PBXSourcesBuildPhase;
			buildActionMask = 2147483647;
			files = (
				7401D25A2A2FA22300F2C7CA /* PlannerTextView.swift in Sources */,
				7401D25F2A34964300F2C7CA /* ReminderDataManager.swift in Sources */,
				7401D24A2A2B4B5500F2C7CA /* BaseViewController.swift in Sources */,
				7401D2362A24DD7E00F2C7CA /* ThemeFont.swift in Sources */,
				7401D28B2A47272B00F2C7CA /* GoalsDataManager.swift in Sources */,
				7401D2702A36105700F2C7CA /* NotificationManager.swift in Sources */,
				7401D2382A24F2DF00F2C7CA /* LoginView.swift in Sources */,
				7401D27B2A4368D500F2C7CA /* BaseProtocol.swift in Sources */,
				7401D2012A24D6F800F2C7CA /* MyPlanner.xcdatamodeld in Sources */,
				7401D2532A2C9CB400F2C7CA /* PlannerModel.swift in Sources */,
				7401D2792A4354D700F2C7CA /* ChooseView.swift in Sources */,
				7401D27E2A46C16200F2C7CA /* DiaryViewController.swift in Sources */,
				7401D1FB2A24D6F800F2C7CA /* ViewController.swift in Sources */,
				7401D2832A46C8E500F2C7CA /* PlannerCell.swift in Sources */,
				7401D2442A266C0300F2C7CA /* SummaryViewController.swift in Sources */,
				7401D2752A3F42E600F2C7CA /* PlannerButton.swift in Sources */,
				7401D2732A3F35EE00F2C7CA /* ChooseViewController.swift in Sources */,
				7401D1F72A24D6F800F2C7CA /* AppDelegate.swift in Sources */,
				74CB3DD22A4C666400F49DBE /* CompletedTasksDataManager.swift in Sources */,
				7401D2302A24DA3200F2C7CA /* LoginViewController.swift in Sources */,
				7401D1F92A24D6F800F2C7CA /* SceneDelegate.swift in Sources */,
				7401D2582A2E4D1B00F2C7CA /* PlannerTextField.swift in Sources */,
				7401D2892A47269100F2C7CA /* GoalsViewModel.swift in Sources */,
				7401D2472A266C4400F2C7CA /* ReminderViewController.swift in Sources */,
				7401D23B2A25BFB100F2C7CA /* MainViewController.swift in Sources */,
				7401D26D2A35E4A300F2C7CA /* String+Ext.swift in Sources */,
				7401D28D2A488FC900F2C7CA /* BaseEnum.swift in Sources */,
				7401D2662A34B56D00F2C7CA /* ReminderViewModel.swift in Sources */,
				7401D2562A2CAA5700F2C7CA /* UIColor+Ext.swift in Sources */,
				7401D24E2A2B555400F2C7CA /* AddViewController.swift in Sources */,
				7401D26B2A35E20500F2C7CA /* AddViewModel.swift in Sources */,
				7401D2422A266BE500F2C7CA /* GoalsViewController.swift in Sources */,
			);
			runOnlyForDeploymentPostprocessing = 0;
		};
		7401D2082A24D6F900F2C7CA /* Sources */ = {
			isa = PBXSourcesBuildPhase;
			buildActionMask = 2147483647;
			files = (
				7401D2112A24D6F900F2C7CA /* MyPlannerTests.swift in Sources */,
			);
			runOnlyForDeploymentPostprocessing = 0;
		};
		7401D2122A24D6F900F2C7CA /* Sources */ = {
			isa = PBXSourcesBuildPhase;
			buildActionMask = 2147483647;
			files = (
				7401D21B2A24D6F900F2C7CA /* MyPlannerUITests.swift in Sources */,
				7401D21D2A24D6F900F2C7CA /* MyPlannerUITestsLaunchTests.swift in Sources */,
			);
			runOnlyForDeploymentPostprocessing = 0;
		};
/* End PBXSourcesBuildPhase section */

/* Begin PBXTargetDependency section */
		7401D20E2A24D6F900F2C7CA /* PBXTargetDependency */ = {
			isa = PBXTargetDependency;
			target = 7401D1F22A24D6F800F2C7CA /* MyPlanner */;
			targetProxy = 7401D20D2A24D6F900F2C7CA /* PBXContainerItemProxy */;
		};
		7401D2182A24D6F900F2C7CA /* PBXTargetDependency */ = {
			isa = PBXTargetDependency;
			target = 7401D1F22A24D6F800F2C7CA /* MyPlanner */;
			targetProxy = 7401D2172A24D6F900F2C7CA /* PBXContainerItemProxy */;
		};
/* End PBXTargetDependency section */

/* Begin PBXVariantGroup section */
		7401D2042A24D6F900F2C7CA /* LaunchScreen.storyboard */ = {
			isa = PBXVariantGroup;
			children = (
				7401D2052A24D6F900F2C7CA /* Base */,
			);
			name = LaunchScreen.storyboard;
			sourceTree = "<group>";
		};
/* End PBXVariantGroup section */

/* Begin XCBuildConfiguration section */
		7401D21E2A24D6F900F2C7CA /* Debug */ = {
			isa = XCBuildConfiguration;
			buildSettings = {
				ALWAYS_SEARCH_USER_PATHS = NO;
				CLANG_ANALYZER_NONNULL = YES;
				CLANG_ANALYZER_NUMBER_OBJECT_CONVERSION = YES_AGGRESSIVE;
				CLANG_CXX_LANGUAGE_STANDARD = "gnu++20";
				CLANG_ENABLE_MODULES = YES;
				CLANG_ENABLE_OBJC_ARC = YES;
				CLANG_ENABLE_OBJC_WEAK = YES;
				CLANG_WARN_BLOCK_CAPTURE_AUTORELEASING = YES;
				CLANG_WARN_BOOL_CONVERSION = YES;
				CLANG_WARN_COMMA = YES;
				CLANG_WARN_CONSTANT_CONVERSION = YES;
				CLANG_WARN_DEPRECATED_OBJC_IMPLEMENTATIONS = YES;
				CLANG_WARN_DIRECT_OBJC_ISA_USAGE = YES_ERROR;
				CLANG_WARN_DOCUMENTATION_COMMENTS = YES;
				CLANG_WARN_EMPTY_BODY = YES;
				CLANG_WARN_ENUM_CONVERSION = YES;
				CLANG_WARN_INFINITE_RECURSION = YES;
				CLANG_WARN_INT_CONVERSION = YES;
				CLANG_WARN_NON_LITERAL_NULL_CONVERSION = YES;
				CLANG_WARN_OBJC_IMPLICIT_RETAIN_SELF = YES;
				CLANG_WARN_OBJC_LITERAL_CONVERSION = YES;
				CLANG_WARN_OBJC_ROOT_CLASS = YES_ERROR;
				CLANG_WARN_QUOTED_INCLUDE_IN_FRAMEWORK_HEADER = YES;
				CLANG_WARN_RANGE_LOOP_ANALYSIS = YES;
				CLANG_WARN_STRICT_PROTOTYPES = YES;
				CLANG_WARN_SUSPICIOUS_MOVE = YES;
				CLANG_WARN_UNGUARDED_AVAILABILITY = YES_AGGRESSIVE;
				CLANG_WARN_UNREACHABLE_CODE = YES;
				CLANG_WARN__DUPLICATE_METHOD_MATCH = YES;
				COPY_PHASE_STRIP = NO;
				DEBUG_INFORMATION_FORMAT = dwarf;
				ENABLE_STRICT_OBJC_MSGSEND = YES;
				ENABLE_TESTABILITY = YES;
				GCC_C_LANGUAGE_STANDARD = gnu11;
				GCC_DYNAMIC_NO_PIC = NO;
				GCC_NO_COMMON_BLOCKS = YES;
				GCC_OPTIMIZATION_LEVEL = 0;
				GCC_PREPROCESSOR_DEFINITIONS = (
					"DEBUG=1",
					"$(inherited)",
				);
				GCC_WARN_64_TO_32_BIT_CONVERSION = YES;
				GCC_WARN_ABOUT_RETURN_TYPE = YES_ERROR;
				GCC_WARN_UNDECLARED_SELECTOR = YES;
				GCC_WARN_UNINITIALIZED_AUTOS = YES_AGGRESSIVE;
				GCC_WARN_UNUSED_FUNCTION = YES;
				GCC_WARN_UNUSED_VARIABLE = YES;
				IPHONEOS_DEPLOYMENT_TARGET = 16.2;
				MTL_ENABLE_DEBUG_INFO = INCLUDE_SOURCE;
				MTL_FAST_MATH = YES;
				ONLY_ACTIVE_ARCH = YES;
				SDKROOT = iphoneos;
				SWIFT_ACTIVE_COMPILATION_CONDITIONS = DEBUG;
				SWIFT_OPTIMIZATION_LEVEL = "-Onone";
			};
			name = Debug;
		};
		7401D21F2A24D6F900F2C7CA /* Release */ = {
			isa = XCBuildConfiguration;
			buildSettings = {
				ALWAYS_SEARCH_USER_PATHS = NO;
				CLANG_ANALYZER_NONNULL = YES;
				CLANG_ANALYZER_NUMBER_OBJECT_CONVERSION = YES_AGGRESSIVE;
				CLANG_CXX_LANGUAGE_STANDARD = "gnu++20";
				CLANG_ENABLE_MODULES = YES;
				CLANG_ENABLE_OBJC_ARC = YES;
				CLANG_ENABLE_OBJC_WEAK = YES;
				CLANG_WARN_BLOCK_CAPTURE_AUTORELEASING = YES;
				CLANG_WARN_BOOL_CONVERSION = YES;
				CLANG_WARN_COMMA = YES;
				CLANG_WARN_CONSTANT_CONVERSION = YES;
				CLANG_WARN_DEPRECATED_OBJC_IMPLEMENTATIONS = YES;
				CLANG_WARN_DIRECT_OBJC_ISA_USAGE = YES_ERROR;
				CLANG_WARN_DOCUMENTATION_COMMENTS = YES;
				CLANG_WARN_EMPTY_BODY = YES;
				CLANG_WARN_ENUM_CONVERSION = YES;
				CLANG_WARN_INFINITE_RECURSION = YES;
				CLANG_WARN_INT_CONVERSION = YES;
				CLANG_WARN_NON_LITERAL_NULL_CONVERSION = YES;
				CLANG_WARN_OBJC_IMPLICIT_RETAIN_SELF = YES;
				CLANG_WARN_OBJC_LITERAL_CONVERSION = YES;
				CLANG_WARN_OBJC_ROOT_CLASS = YES_ERROR;
				CLANG_WARN_QUOTED_INCLUDE_IN_FRAMEWORK_HEADER = YES;
				CLANG_WARN_RANGE_LOOP_ANALYSIS = YES;
				CLANG_WARN_STRICT_PROTOTYPES = YES;
				CLANG_WARN_SUSPICIOUS_MOVE = YES;
				CLANG_WARN_UNGUARDED_AVAILABILITY = YES_AGGRESSIVE;
				CLANG_WARN_UNREACHABLE_CODE = YES;
				CLANG_WARN__DUPLICATE_METHOD_MATCH = YES;
				COPY_PHASE_STRIP = NO;
				DEBUG_INFORMATION_FORMAT = "dwarf-with-dsym";
				ENABLE_NS_ASSERTIONS = NO;
				ENABLE_STRICT_OBJC_MSGSEND = YES;
				GCC_C_LANGUAGE_STANDARD = gnu11;
				GCC_NO_COMMON_BLOCKS = YES;
				GCC_WARN_64_TO_32_BIT_CONVERSION = YES;
				GCC_WARN_ABOUT_RETURN_TYPE = YES_ERROR;
				GCC_WARN_UNDECLARED_SELECTOR = YES;
				GCC_WARN_UNINITIALIZED_AUTOS = YES_AGGRESSIVE;
				GCC_WARN_UNUSED_FUNCTION = YES;
				GCC_WARN_UNUSED_VARIABLE = YES;
				IPHONEOS_DEPLOYMENT_TARGET = 16.2;
				MTL_ENABLE_DEBUG_INFO = NO;
				MTL_FAST_MATH = YES;
				SDKROOT = iphoneos;
				SWIFT_COMPILATION_MODE = wholemodule;
				SWIFT_OPTIMIZATION_LEVEL = "-O";
				VALIDATE_PRODUCT = YES;
			};
			name = Release;
		};
		7401D2212A24D6F900F2C7CA /* Debug */ = {
			isa = XCBuildConfiguration;
			buildSettings = {
				ASSETCATALOG_COMPILER_APPICON_NAME = AppIcon;
				ASSETCATALOG_COMPILER_GLOBAL_ACCENT_COLOR_NAME = AccentColor;
				CODE_SIGN_STYLE = Automatic;
				CURRENT_PROJECT_VERSION = 1;
				DEVELOPMENT_TEAM = A38NMNU547;
				GENERATE_INFOPLIST_FILE = YES;
				INFOPLIST_FILE = MyPlanner/Info.plist;
				INFOPLIST_KEY_UIApplicationSupportsIndirectInputEvents = YES;
				INFOPLIST_KEY_UILaunchStoryboardName = LaunchScreen;
				INFOPLIST_KEY_UISupportedInterfaceOrientations_iPad = "UIInterfaceOrientationPortrait UIInterfaceOrientationPortraitUpsideDown UIInterfaceOrientationLandscapeLeft UIInterfaceOrientationLandscapeRight";
				INFOPLIST_KEY_UISupportedInterfaceOrientations_iPhone = "UIInterfaceOrientationPortrait UIInterfaceOrientationLandscapeLeft UIInterfaceOrientationLandscapeRight";
				IPHONEOS_DEPLOYMENT_TARGET = 13.4;
				LD_RUNPATH_SEARCH_PATHS = (
					"$(inherited)",
					"@executable_path/Frameworks",
				);
				MARKETING_VERSION = 1.0;
				PRODUCT_BUNDLE_IDENTIFIER = com.furkansarip.MyPlanner;
				PRODUCT_NAME = "$(TARGET_NAME)";
				SWIFT_EMIT_LOC_STRINGS = YES;
				SWIFT_VERSION = 5.0;
				TARGETED_DEVICE_FAMILY = "1,2";
			};
			name = Debug;
		};
		7401D2222A24D6F900F2C7CA /* Release */ = {
			isa = XCBuildConfiguration;
			buildSettings = {
				ASSETCATALOG_COMPILER_APPICON_NAME = AppIcon;
				ASSETCATALOG_COMPILER_GLOBAL_ACCENT_COLOR_NAME = AccentColor;
				CODE_SIGN_STYLE = Automatic;
				CURRENT_PROJECT_VERSION = 1;
				DEVELOPMENT_TEAM = A38NMNU547;
				GENERATE_INFOPLIST_FILE = YES;
				INFOPLIST_FILE = MyPlanner/Info.plist;
				INFOPLIST_KEY_UIApplicationSupportsIndirectInputEvents = YES;
				INFOPLIST_KEY_UILaunchStoryboardName = LaunchScreen;
				INFOPLIST_KEY_UISupportedInterfaceOrientations_iPad = "UIInterfaceOrientationPortrait UIInterfaceOrientationPortraitUpsideDown UIInterfaceOrientationLandscapeLeft UIInterfaceOrientationLandscapeRight";
				INFOPLIST_KEY_UISupportedInterfaceOrientations_iPhone = "UIInterfaceOrientationPortrait UIInterfaceOrientationLandscapeLeft UIInterfaceOrientationLandscapeRight";
				IPHONEOS_DEPLOYMENT_TARGET = 13.4;
				LD_RUNPATH_SEARCH_PATHS = (
					"$(inherited)",
					"@executable_path/Frameworks",
				);
				MARKETING_VERSION = 1.0;
				PRODUCT_BUNDLE_IDENTIFIER = com.furkansarip.MyPlanner;
				PRODUCT_NAME = "$(TARGET_NAME)";
				SWIFT_EMIT_LOC_STRINGS = YES;
				SWIFT_VERSION = 5.0;
				TARGETED_DEVICE_FAMILY = "1,2";
			};
			name = Release;
		};
		7401D2242A24D6F900F2C7CA /* Debug */ = {
			isa = XCBuildConfiguration;
			buildSettings = {
				ALWAYS_EMBED_SWIFT_STANDARD_LIBRARIES = YES;
				BUNDLE_LOADER = "$(TEST_HOST)";
				CODE_SIGN_STYLE = Automatic;
				CURRENT_PROJECT_VERSION = 1;
				DEVELOPMENT_TEAM = A38NMNU547;
				GENERATE_INFOPLIST_FILE = YES;
				IPHONEOS_DEPLOYMENT_TARGET = 16.2;
				MARKETING_VERSION = 1.0;
				PRODUCT_BUNDLE_IDENTIFIER = com.furkansarip.MyPlannerTests;
				PRODUCT_NAME = "$(TARGET_NAME)";
				SWIFT_EMIT_LOC_STRINGS = NO;
				SWIFT_VERSION = 5.0;
				TARGETED_DEVICE_FAMILY = "1,2";
				TEST_HOST = "$(BUILT_PRODUCTS_DIR)/MyPlanner.app/$(BUNDLE_EXECUTABLE_FOLDER_PATH)/MyPlanner";
			};
			name = Debug;
		};
		7401D2252A24D6F900F2C7CA /* Release */ = {
			isa = XCBuildConfiguration;
			buildSettings = {
				ALWAYS_EMBED_SWIFT_STANDARD_LIBRARIES = YES;
				BUNDLE_LOADER = "$(TEST_HOST)";
				CODE_SIGN_STYLE = Automatic;
				CURRENT_PROJECT_VERSION = 1;
				DEVELOPMENT_TEAM = A38NMNU547;
				GENERATE_INFOPLIST_FILE = YES;
				IPHONEOS_DEPLOYMENT_TARGET = 16.2;
				MARKETING_VERSION = 1.0;
				PRODUCT_BUNDLE_IDENTIFIER = com.furkansarip.MyPlannerTests;
				PRODUCT_NAME = "$(TARGET_NAME)";
				SWIFT_EMIT_LOC_STRINGS = NO;
				SWIFT_VERSION = 5.0;
				TARGETED_DEVICE_FAMILY = "1,2";
				TEST_HOST = "$(BUILT_PRODUCTS_DIR)/MyPlanner.app/$(BUNDLE_EXECUTABLE_FOLDER_PATH)/MyPlanner";
			};
			name = Release;
		};
		7401D2272A24D6F900F2C7CA /* Debug */ = {
			isa = XCBuildConfiguration;
			buildSettings = {
				ALWAYS_EMBED_SWIFT_STANDARD_LIBRARIES = YES;
				CODE_SIGN_STYLE = Automatic;
				CURRENT_PROJECT_VERSION = 1;
				DEVELOPMENT_TEAM = A38NMNU547;
				GENERATE_INFOPLIST_FILE = YES;
				MARKETING_VERSION = 1.0;
				PRODUCT_BUNDLE_IDENTIFIER = com.furkansarip.MyPlannerUITests;
				PRODUCT_NAME = "$(TARGET_NAME)";
				SWIFT_EMIT_LOC_STRINGS = NO;
				SWIFT_VERSION = 5.0;
				TARGETED_DEVICE_FAMILY = "1,2";
				TEST_TARGET_NAME = MyPlanner;
			};
			name = Debug;
		};
		7401D2282A24D6F900F2C7CA /* Release */ = {
			isa = XCBuildConfiguration;
			buildSettings = {
				ALWAYS_EMBED_SWIFT_STANDARD_LIBRARIES = YES;
				CODE_SIGN_STYLE = Automatic;
				CURRENT_PROJECT_VERSION = 1;
				DEVELOPMENT_TEAM = A38NMNU547;
				GENERATE_INFOPLIST_FILE = YES;
				MARKETING_VERSION = 1.0;
				PRODUCT_BUNDLE_IDENTIFIER = com.furkansarip.MyPlannerUITests;
				PRODUCT_NAME = "$(TARGET_NAME)";
				SWIFT_EMIT_LOC_STRINGS = NO;
				SWIFT_VERSION = 5.0;
				TARGETED_DEVICE_FAMILY = "1,2";
				TEST_TARGET_NAME = MyPlanner;
			};
			name = Release;
		};
/* End XCBuildConfiguration section */

/* Begin XCConfigurationList section */
		7401D1EE2A24D6F800F2C7CA /* Build configuration list for PBXProject "MyPlanner" */ = {
			isa = XCConfigurationList;
			buildConfigurations = (
				7401D21E2A24D6F900F2C7CA /* Debug */,
				7401D21F2A24D6F900F2C7CA /* Release */,
			);
			defaultConfigurationIsVisible = 0;
			defaultConfigurationName = Release;
		};
		7401D2202A24D6F900F2C7CA /* Build configuration list for PBXNativeTarget "MyPlanner" */ = {
			isa = XCConfigurationList;
			buildConfigurations = (
				7401D2212A24D6F900F2C7CA /* Debug */,
				7401D2222A24D6F900F2C7CA /* Release */,
			);
			defaultConfigurationIsVisible = 0;
			defaultConfigurationName = Release;
		};
		7401D2232A24D6F900F2C7CA /* Build configuration list for PBXNativeTarget "MyPlannerTests" */ = {
			isa = XCConfigurationList;
			buildConfigurations = (
				7401D2242A24D6F900F2C7CA /* Debug */,
				7401D2252A24D6F900F2C7CA /* Release */,
			);
			defaultConfigurationIsVisible = 0;
			defaultConfigurationName = Release;
		};
		7401D2262A24D6F900F2C7CA /* Build configuration list for PBXNativeTarget "MyPlannerUITests" */ = {
			isa = XCConfigurationList;
			buildConfigurations = (
				7401D2272A24D6F900F2C7CA /* Debug */,
				7401D2282A24D6F900F2C7CA /* Release */,
			);
			defaultConfigurationIsVisible = 0;
			defaultConfigurationName = Release;
		};
/* End XCConfigurationList section */

/* Begin XCRemoteSwiftPackageReference section */
		7401D2672A34C04100F2C7CA /* XCRemoteSwiftPackageReference "MaterialActivityIndicator" */ = {
			isa = XCRemoteSwiftPackageReference;
			repositoryURL = "https://github.com/nspavlo/MaterialActivityIndicator.git";
			requirement = {
				branch = master;
				kind = branch;
			};
		};
		74CB3DCE2A4C5C4200F49DBE /* XCRemoteSwiftPackageReference "SwiftAlertView" */ = {
			isa = XCRemoteSwiftPackageReference;
			repositoryURL = "https://github.com/dinhquan/SwiftAlertView";
			requirement = {
				branch = master;
				kind = branch;
			};
		};
		74CB3DD82A528F6300F49DBE /* XCRemoteSwiftPackageReference "Charts" */ = {
			isa = XCRemoteSwiftPackageReference;
			repositoryURL = "https://github.com/danielgindi/Charts";
			requirement = {
				branch = master;
				kind = branch;
			};
		};
/* End XCRemoteSwiftPackageReference section */

/* Begin XCSwiftPackageProductDependency section */
		7401D2682A34C04100F2C7CA /* MaterialActivityIndicator */ = {
			isa = XCSwiftPackageProductDependency;
			package = 7401D2672A34C04100F2C7CA /* XCRemoteSwiftPackageReference "MaterialActivityIndicator" */;
			productName = MaterialActivityIndicator;
		};
		74CB3DCF2A4C5C4300F49DBE /* SwiftAlertView */ = {
			isa = XCSwiftPackageProductDependency;
			package = 74CB3DCE2A4C5C4200F49DBE /* XCRemoteSwiftPackageReference "SwiftAlertView" */;
			productName = SwiftAlertView;
		};
		74CB3DD92A528F6300F49DBE /* DGCharts */ = {
			isa = XCSwiftPackageProductDependency;
			package = 74CB3DD82A528F6300F49DBE /* XCRemoteSwiftPackageReference "Charts" */;
			productName = DGCharts;
		};
/* End XCSwiftPackageProductDependency section */

/* Begin XCVersionGroup section */
		7401D1FF2A24D6F800F2C7CA /* MyPlanner.xcdatamodeld */ = {
			isa = XCVersionGroup;
			children = (
				7401D2002A24D6F800F2C7CA /* MyPlanner.xcdatamodel */,
			);
			currentVersion = 7401D2002A24D6F800F2C7CA /* MyPlanner.xcdatamodel */;
			path = MyPlanner.xcdatamodeld;
			sourceTree = "<group>";
			versionGroupType = wrapper.xcdatamodel;
		};
/* End XCVersionGroup section */
	};
	rootObject = 7401D1EB2A24D6F800F2C7CA /* Project object */;
}
